
Microsoft Visual Studio Solution File, Format Version 12.00
# Visual Studio Version 16
VisualStudioVersion = 16.0.31729.503
MinimumVisualStudioVersion = 10.0.40219.1
Project("{9A19103F-16F7-4668-BE54-9A1E7A4F7556}") = "PromiCRM", "PromiCRM\PromiCRM.csproj", "{ADAB5724-8304-4CF4-A649-AF501361FF7B}"
	ProjectSection(ProjectDependencies) = postProject
		{10C805E2-AB6F-46E4-8FD2-32683F3770C8} = {10C805E2-AB6F-46E4-8FD2-32683F3770C8}
	EndProjectSection
EndProject
Project("{FAE04EC0-301F-11D3-BF4B-00C04F79EFBC}") = "PromiData", "PromiData\PromiData.csproj", "{10C805E2-AB6F-46E4-8FD2-32683F3770C8}"
EndProject
Project("{FAE04EC0-301F-11D3-BF4B-00C04F79EFBC}") = "PromiCore", "PromiCore\PromiCore.csproj", "{BBAE37EA-743A-4329-9A6F-5C9422C35232}"
EndProject
Global
	GlobalSection(SolutionConfigurationPlatforms) = preSolution
		Debug|Any CPU = Debug|Any CPU
		Release|Any CPU = Release|Any CPU
	EndGlobalSection
	GlobalSection(ProjectConfigurationPlatforms) = postSolution
		{ADAB5724-8304-4CF4-A649-AF501361FF7B}.Debug|Any CPU.ActiveCfg = Debug|Any CPU
		{ADAB5724-8304-4CF4-A649-AF501361FF7B}.Debug|Any CPU.Build.0 = Debug|Any CPU
		{ADAB5724-8304-4CF4-A649-AF501361FF7B}.Release|Any CPU.ActiveCfg = Release|Any CPU
		{ADAB5724-8304-4CF4-A649-AF501361FF7B}.Release|Any CPU.Build.0 = Release|Any CPU
		{10C805E2-AB6F-46E4-8FD2-32683F3770C8}.Debug|Any CPU.ActiveCfg = Debug|Any CPU
		{10C805E2-AB6F-46E4-8FD2-32683F3770C8}.Debug|Any CPU.Build.0 = Debug|Any CPU
		{10C805E2-AB6F-46E4-8FD2-32683F3770C8}.Release|Any CPU.ActiveCfg = Release|Any CPU
		{10C805E2-AB6F-46E4-8FD2-32683F3770C8}.Release|Any CPU.Build.0 = Release|Any CPU
		{BBAE37EA-743A-4329-9A6F-5C9422C35232}.Debug|Any CPU.ActiveCfg = Debug|Any CPU
		{BBAE37EA-743A-4329-9A6F-5C9422C35232}.Debug|Any CPU.Build.0 = Debug|Any CPU
		{BBAE37EA-743A-4329-9A6F-5C9422C35232}.Release|Any CPU.ActiveCfg = Release|Any CPU
		{BBAE37EA-743A-4329-9A6F-5C9422C35232}.Release|Any CPU.Build.0 = Release|Any CPU
	EndGlobalSection
	GlobalSection(SolutionProperties) = preSolution
		HideSolutionNode = FALSE
	EndGlobalSection
	GlobalSection(ExtensibilityGlobals) = postSolution
		SolutionGuid = {DD888092-21BE-4799-9F56-33F3415AD45E}
	EndGlobalSection
EndGlobal
